PODS:
  - abseil/algorithm (0.20200225.0):
    - abseil/algorithm/algorithm (= 0.20200225.0)
    - abseil/algorithm/container (= 0.20200225.0)
  - abseil/algorithm/algorithm (0.20200225.0):
    - abseil/base/config
  - abseil/algorithm/container (0.20200225.0):
    - abseil/algorithm/algorithm
    - abseil/base/core_headers
    - abseil/meta/type_traits
  - abseil/base (0.20200225.0):
    - abseil/base/atomic_hook (= 0.20200225.0)
    - abseil/base/base (= 0.20200225.0)
    - abseil/base/base_internal (= 0.20200225.0)
    - abseil/base/bits (= 0.20200225.0)
    - abseil/base/config (= 0.20200225.0)
    - abseil/base/core_headers (= 0.20200225.0)
    - abseil/base/dynamic_annotations (= 0.20200225.0)
    - abseil/base/endian (= 0.20200225.0)
    - abseil/base/errno_saver (= 0.20200225.0)
    - abseil/base/exponential_biased (= 0.20200225.0)
    - abseil/base/log_severity (= 0.20200225.0)
    - abseil/base/malloc_internal (= 0.20200225.0)
    - abseil/base/periodic_sampler (= 0.20200225.0)
    - abseil/base/pretty_function (= 0.20200225.0)
    - abseil/base/raw_logging_internal (= 0.20200225.0)
    - abseil/base/spinlock_wait (= 0.20200225.0)
    - abseil/base/throw_delegate (= 0.20200225.0)
  - abseil/base/atomic_hook (0.20200225.0):
    - abseil/base/config
    - abseil/base/core_headers
  - abseil/base/base (0.20200225.0):
    - abseil/base/atomic_hook
    - abseil/base/base_internal
    - abseil/base/config
    - abseil/base/core_headers
    - abseil/base/dynamic_annotations
    - abseil/base/log_severity
    - abseil/base/raw_logging_internal
    - abseil/base/spinlock_wait
    - abseil/meta/type_traits
  - abseil/base/base_internal (0.20200225.0):
    - abseil/base/config
    - abseil/meta/type_traits
  - abseil/base/bits (0.20200225.0):
    - abseil/base/config
    - abseil/base/core_headers
  - abseil/base/config (0.20200225.0)
  - abseil/base/core_headers (0.20200225.0):
    - abseil/base/config
  - abseil/base/dynamic_annotations (0.20200225.0)
  - abseil/base/endian (0.20200225.0):
    - abseil/base/config
    - abseil/base/core_headers
  - abseil/base/errno_saver (0.20200225.0):
    - abseil/base/config
  - abseil/base/exponential_biased (0.20200225.0):
    - abseil/base/config
    - abseil/base/core_headers
  - abseil/base/log_severity (0.20200225.0):
    - abseil/base/config
    - abseil/base/core_headers
  - abseil/base/malloc_internal (0.20200225.0):
    - abseil/base/base
    - abseil/base/base_internal
    - abseil/base/config
    - abseil/base/core_headers
    - abseil/base/dynamic_annotations
    - abseil/base/raw_logging_internal
  - abseil/base/periodic_sampler (0.20200225.0):
    - abseil/base/core_headers
    - abseil/base/exponential_biased
  - abseil/base/pretty_function (0.20200225.0)
  - abseil/base/raw_logging_internal (0.20200225.0):
    - abseil/base/atomic_hook
    - abseil/base/config
    - abseil/base/core_headers
    - abseil/base/log_severity
  - abseil/base/spinlock_wait (0.20200225.0):
    - abseil/base/base_internal
    - abseil/base/core_headers
    - abseil/base/errno_saver
  - abseil/base/throw_delegate (0.20200225.0):
    - abseil/base/config
    - abseil/base/raw_logging_internal
  - abseil/container/compressed_tuple (0.20200225.0):
    - abseil/utility/utility
  - abseil/container/inlined_vector (0.20200225.0):
    - abseil/algorithm/algorithm
    - abseil/base/core_headers
    - abseil/base/throw_delegate
    - abseil/container/inlined_vector_internal
    - abseil/memory/memory
  - abseil/container/inlined_vector_internal (0.20200225.0):
    - abseil/base/core_headers
    - abseil/container/compressed_tuple
    - abseil/memory/memory
    - abseil/meta/type_traits
    - abseil/types/span
  - abseil/memory (0.20200225.0):
    - abseil/memory/memory (= 0.20200225.0)
  - abseil/memory/memory (0.20200225.0):
    - abseil/base/core_headers
    - abseil/meta/type_traits
  - abseil/meta (0.20200225.0):
    - abseil/meta/type_traits (= 0.20200225.0)
  - abseil/meta/type_traits (0.20200225.0):
    - abseil/base/config
  - abseil/numeric/int128 (0.20200225.0):
    - abseil/base/config
    - abseil/base/core_headers
  - abseil/strings/internal (0.20200225.0):
    - abseil/base/config
    - abseil/base/core_headers
    - abseil/base/endian
    - abseil/base/raw_logging_internal
    - abseil/meta/type_traits
  - abseil/strings/str_format (0.20200225.0):
    - abseil/strings/str_format_internal
  - abseil/strings/str_format_internal (0.20200225.0):
    - abseil/base/config
    - abseil/base/core_headers
    - abseil/meta/type_traits
    - abseil/numeric/int128
    - abseil/strings/strings
    - abseil/types/span
  - abseil/strings/strings (0.20200225.0):
    - abseil/base/base
    - abseil/base/bits
    - abseil/base/config
    - abseil/base/core_headers
    - abseil/base/endian
    - abseil/base/raw_logging_internal
    - abseil/base/throw_delegate
    - abseil/memory/memory
    - abseil/meta/type_traits
    - abseil/numeric/int128
    - abseil/strings/internal
  - abseil/time (0.20200225.0):
    - abseil/time/internal (= 0.20200225.0)
    - abseil/time/time (= 0.20200225.0)
  - abseil/time/internal (0.20200225.0):
    - abseil/time/internal/cctz (= 0.20200225.0)
  - abseil/time/internal/cctz (0.20200225.0):
    - abseil/time/internal/cctz/civil_time (= 0.20200225.0)
    - abseil/time/internal/cctz/time_zone (= 0.20200225.0)
  - abseil/time/internal/cctz/civil_time (0.20200225.0):
    - abseil/base/config
  - abseil/time/internal/cctz/time_zone (0.20200225.0):
    - abseil/base/config
    - abseil/time/internal/cctz/civil_time
  - abseil/time/time (0.20200225.0):
    - abseil/base/base
    - abseil/base/core_headers
    - abseil/base/raw_logging_internal
    - abseil/numeric/int128
    - abseil/strings/strings
    - abseil/time/internal/cctz/civil_time
    - abseil/time/internal/cctz/time_zone
  - abseil/types (0.20200225.0):
    - abseil/types/any (= 0.20200225.0)
    - abseil/types/bad_any_cast (= 0.20200225.0)
    - abseil/types/bad_any_cast_impl (= 0.20200225.0)
    - abseil/types/bad_optional_access (= 0.20200225.0)
    - abseil/types/bad_variant_access (= 0.20200225.0)
    - abseil/types/compare (= 0.20200225.0)
    - abseil/types/optional (= 0.20200225.0)
    - abseil/types/span (= 0.20200225.0)
    - abseil/types/variant (= 0.20200225.0)
  - abseil/types/any (0.20200225.0):
    - abseil/base/config
    - abseil/base/core_headers
    - abseil/meta/type_traits
    - abseil/types/bad_any_cast
    - abseil/utility/utility
  - abseil/types/bad_any_cast (0.20200225.0):
    - abseil/base/config
    - abseil/types/bad_any_cast_impl
  - abseil/types/bad_any_cast_impl (0.20200225.0):
    - abseil/base/config
    - abseil/base/raw_logging_internal
  - abseil/types/bad_optional_access (0.20200225.0):
    - abseil/base/config
    - abseil/base/raw_logging_internal
  - abseil/types/bad_variant_access (0.20200225.0):
    - abseil/base/config
    - abseil/base/raw_logging_internal
  - abseil/types/compare (0.20200225.0):
    - abseil/base/core_headers
    - abseil/meta/type_traits
  - abseil/types/optional (0.20200225.0):
    - abseil/base/base_internal
    - abseil/base/config
    - abseil/base/core_headers
    - abseil/memory/memory
    - abseil/meta/type_traits
    - abseil/types/bad_optional_access
    - abseil/utility/utility
  - abseil/types/span (0.20200225.0):
    - abseil/algorithm/algorithm
    - abseil/base/core_headers
    - abseil/base/throw_delegate
    - abseil/meta/type_traits
  - abseil/types/variant (0.20200225.0):
    - abseil/base/base_internal
    - abseil/base/config
    - abseil/base/core_headers
    - abseil/meta/type_traits
    - abseil/types/bad_variant_access
    - abseil/utility/utility
  - abseil/utility/utility (0.20200225.0):
    - abseil/base/base_internal
    - abseil/base/config
    - abseil/meta/type_traits
  - AppAuth (1.6.0):
    - AppAuth/Core (= 1.6.0)
    - AppAuth/ExternalUserAgent (= 1.6.0)
  - AppAuth/Core (1.6.0)
  - AppAuth/ExternalUserAgent (1.6.0):
    - AppAuth/Core
  - boost (1.76.0)
  - BoringSSL-GRPC (0.0.7):
    - BoringSSL-GRPC/Implementation (= 0.0.7)
    - BoringSSL-GRPC/Interface (= 0.0.7)
  - BoringSSL-GRPC/Implementation (0.0.7):
    - BoringSSL-GRPC/Interface (= 0.0.7)
  - BoringSSL-GRPC/Interface (0.0.7)
  - DoubleConversion (1.1.6)
  - FBLazyVector (0.68.2)
  - FBReactNativeSpec (0.68.2):
    - RCT-Folly (= 2021.06.28.00-v2)
    - RCTRequired (= 0.68.2)
    - RCTTypeSafety (= 0.68.2)
    - React-Core (= 0.68.2)
    - React-jsi (= 0.68.2)
    - ReactCommon/turbomodule/core (= 0.68.2)
  - Firebase/Auth (7.11.0):
    - Firebase/CoreOnly
    - FirebaseAuth (~> 7.11.0)
  - Firebase/CoreOnly (7.11.0):
    - FirebaseCore (= 7.11.0)
  - Firebase/Firestore (7.11.0):
    - Firebase/CoreOnly
    - FirebaseFirestore (~> 7.11.0)
  - Firebase/Functions (7.11.0):
    - Firebase/CoreOnly
    - FirebaseFunctions (~> 7.11.0)
  - FirebaseAuth (7.11.0):
    - FirebaseCore (~> 7.0)
    - GoogleUtilities/AppDelegateSwizzler (~> 7.0)
    - GoogleUtilities/Environment (~> 7.0)
    - GTMSessionFetcher/Core (~> 1.4)
  - FirebaseCore (7.11.0):
    - FirebaseCoreDiagnostics (~> 7.4)
    - GoogleUtilities/Environment (~> 7.0)
    - GoogleUtilities/Logger (~> 7.0)
  - FirebaseCoreDiagnostics (7.11.0):
    - GoogleDataTransport (~> 8.4)
    - GoogleUtilities/Environment (~> 7.0)
    - GoogleUtilities/Logger (~> 7.0)
    - nanopb (~> 2.30908.0)
  - FirebaseFirestore (7.11.0):
    - abseil/algorithm (= 0.20200225.0)
    - abseil/base (= 0.20200225.0)
    - abseil/memory (= 0.20200225.0)
    - abseil/meta (= 0.20200225.0)
    - abseil/strings/strings (= 0.20200225.0)
    - abseil/time (= 0.20200225.0)
    - abseil/types (= 0.20200225.0)
    - FirebaseCore (~> 7.0)
    - "gRPC-C++ (~> 1.28.0)"
    - leveldb-library (~> 1.22)
    - nanopb (~> 2.30908.0)
  - FirebaseFunctions (7.11.0):
    - FirebaseCore (~> 7.0)
    - GTMSessionFetcher/Core (~> 1.4)
  - fmt (6.2.1)
  - glog (0.3.5)
  - GoogleDataTransport (8.4.0):
    - GoogleUtilities/Environment (~> 7.2)
    - nanopb (~> 2.30908.0)
    - PromisesObjC (~> 1.2)
  - GoogleSignIn (5.0.2):
    - AppAuth (~> 1.2)
    - GTMAppAuth (~> 1.0)
    - GTMSessionFetcher/Core (~> 1.1)
  - GoogleUtilities/AppDelegateSwizzler (7.11.0):
    - GoogleUtilities/Environment
    - GoogleUtilities/Logger
    - GoogleUtilities/Network
  - GoogleUtilities/Environment (7.11.0):
    - PromisesObjC (< 3.0, >= 1.2)
  - GoogleUtilities/Logger (7.11.0):
    - GoogleUtilities/Environment
  - GoogleUtilities/Network (7.11.0):
    - GoogleUtilities/Logger
    - "GoogleUtilities/NSData+zlib"
    - GoogleUtilities/Reachability
  - "GoogleUtilities/NSData+zlib (7.11.0)"
  - GoogleUtilities/Reachability (7.11.0):
    - GoogleUtilities/Logger
  - "gRPC-C++ (1.28.2)":
    - "gRPC-C++/Implementation (= 1.28.2)"
    - "gRPC-C++/Interface (= 1.28.2)"
  - "gRPC-C++/Implementation (1.28.2)":
    - abseil/container/inlined_vector (= 0.20200225.0)
    - abseil/memory/memory (= 0.20200225.0)
    - abseil/strings/str_format (= 0.20200225.0)
    - abseil/strings/strings (= 0.20200225.0)
    - abseil/types/optional (= 0.20200225.0)
    - "gRPC-C++/Interface (= 1.28.2)"
    - gRPC-Core (= 1.28.2)
  - "gRPC-C++/Interface (1.28.2)"
  - gRPC-Core (1.28.2):
    - gRPC-Core/Implementation (= 1.28.2)
    - gRPC-Core/Interface (= 1.28.2)
  - gRPC-Core/Implementation (1.28.2):
    - abseil/container/inlined_vector (= 0.20200225.0)
    - abseil/memory/memory (= 0.20200225.0)
    - abseil/strings/str_format (= 0.20200225.0)
    - abseil/strings/strings (= 0.20200225.0)
    - abseil/types/optional (= 0.20200225.0)
    - BoringSSL-GRPC (= 0.0.7)
    - gRPC-Core/Interface (= 1.28.2)
  - gRPC-Core/Interface (1.28.2)
  - GTMAppAuth (1.3.1):
    - AppAuth/Core (~> 1.6)
    - GTMSessionFetcher/Core (< 3.0, >= 1.5)
  - GTMSessionFetcher/Core (1.7.2)
  - hermes-engine (0.11.0)
  - leveldb-library (1.22.1)
  - libevent (2.1.12)
  - nanopb (2.30908.0):
    - nanopb/decode (= 2.30908.0)
    - nanopb/encode (= 2.30908.0)
  - nanopb/decode (2.30908.0)
  - nanopb/encode (2.30908.0)
  - PromisesObjC (1.2.12)
  - RCT-Folly (2021.06.28.00-v2):
    - boost
    - DoubleConversion
    - fmt (~> 6.2.1)
    - glog
    - RCT-Folly/Default (= 2021.06.28.00-v2)
  - RCT-Folly/Default (2021.06.28.00-v2):
    - boost
    - DoubleConversion
    - fmt (~> 6.2.1)
    - glog
  - RCT-Folly/Futures (2021.06.28.00-v2):
    - boost
    - DoubleConversion
    - fmt (~> 6.2.1)
    - glog
    - libevent
  - RCTRequired (0.68.2)
  - RCTTypeSafety (0.68.2):
    - FBLazyVector (= 0.68.2)
    - RCT-Folly (= 2021.06.28.00-v2)
    - RCTRequired (= 0.68.2)
    - React-Core (= 0.68.2)
  - React (0.68.2):
    - React-Core (= 0.68.2)
    - React-Core/DevSupport (= 0.68.2)
    - React-Core/RCTWebSocket (= 0.68.2)
    - React-RCTActionSheet (= 0.68.2)
    - React-RCTAnimation (= 0.68.2)
    - React-RCTBlob (= 0.68.2)
    - React-RCTImage (= 0.68.2)
    - React-RCTLinking (= 0.68.2)
    - React-RCTNetwork (= 0.68.2)
    - React-RCTSettings (= 0.68.2)
    - React-RCTText (= 0.68.2)
    - React-RCTVibration (= 0.68.2)
  - React-callinvoker (0.68.2)
  - React-Codegen (0.68.2):
    - FBReactNativeSpec (= 0.68.2)
    - RCT-Folly (= 2021.06.28.00-v2)
    - RCTRequired (= 0.68.2)
    - RCTTypeSafety (= 0.68.2)
    - React-Core (= 0.68.2)
    - React-jsi (= 0.68.2)
    - React-jsiexecutor (= 0.68.2)
    - ReactCommon/turbomodule/core (= 0.68.2)
  - React-Core (0.68.2):
    - glog
    - RCT-Folly (= 2021.06.28.00-v2)
    - React-Core/Default (= 0.68.2)
    - React-cxxreact (= 0.68.2)
    - React-jsi (= 0.68.2)
    - React-jsiexecutor (= 0.68.2)
    - React-perflogger (= 0.68.2)
    - Yoga
  - React-Core/CoreModulesHeaders (0.68.2):
    - glog
    - RCT-Folly (= 2021.06.28.00-v2)
    - React-Core/Default
    - React-cxxreact (= 0.68.2)
    - React-jsi (= 0.68.2)
    - React-jsiexecutor (= 0.68.2)
    - React-perflogger (= 0.68.2)
    - Yoga
  - React-Core/Default (0.68.2):
    - glog
    - RCT-Folly (= 2021.06.28.00-v2)
    - React-cxxreact (= 0.68.2)
    - React-jsi (= 0.68.2)
    - React-jsiexecutor (= 0.68.2)
    - React-perflogger (= 0.68.2)
    - Yoga
  - React-Core/DevSupport (0.68.2):
    - glog
    - RCT-Folly (= 2021.06.28.00-v2)
    - React-Core/Default (= 0.68.2)
    - React-Core/RCTWebSocket (= 0.68.2)
    - React-cxxreact (= 0.68.2)
    - React-jsi (= 0.68.2)
    - React-jsiexecutor (= 0.68.2)
    - React-jsinspector (= 0.68.2)
    - React-perflogger (= 0.68.2)
    - Yoga
  - React-Core/RCTActionSheetHeaders (0.68.2):
    - glog
    - RCT-Folly (= 2021.06.28.00-v2)
    - React-Core/Default
    - React-cxxreact (= 0.68.2)
    - React-jsi (= 0.68.2)
    - React-jsiexecutor (= 0.68.2)
    - React-perflogger (= 0.68.2)
    - Yoga
  - React-Core/RCTAnimationHeaders (0.68.2):
    - glog
    - RCT-Folly (= 2021.06.28.00-v2)
    - React-Core/Default
    - React-cxxreact (= 0.68.2)
    - React-jsi (= 0.68.2)
    - React-jsiexecutor (= 0.68.2)
    - React-perflogger (= 0.68.2)
    - Yoga
  - React-Core/RCTBlobHeaders (0.68.2):
    - glog
    - RCT-Folly (= 2021.06.28.00-v2)
    - React-Core/Default
    - React-cxxreact (= 0.68.2)
    - React-jsi (= 0.68.2)
    - React-jsiexecutor (= 0.68.2)
    - React-perflogger (= 0.68.2)
    - Yoga
  - React-Core/RCTImageHeaders (0.68.2):
    - glog
    - RCT-Folly (= 2021.06.28.00-v2)
    - React-Core/Default
    - React-cxxreact (= 0.68.2)
    - React-jsi (= 0.68.2)
    - React-jsiexecutor (= 0.68.2)
    - React-perflogger (= 0.68.2)
    - Yoga
  - React-Core/RCTLinkingHeaders (0.68.2):
    - glog
    - RCT-Folly (= 2021.06.28.00-v2)
    - React-Core/Default
    - React-cxxreact (= 0.68.2)
    - React-jsi (= 0.68.2)
    - React-jsiexecutor (= 0.68.2)
    - React-perflogger (= 0.68.2)
    - Yoga
  - React-Core/RCTNetworkHeaders (0.68.2):
    - glog
    - RCT-Folly (= 2021.06.28.00-v2)
    - React-Core/Default
    - React-cxxreact (= 0.68.2)
    - React-jsi (= 0.68.2)
    - React-jsiexecutor (= 0.68.2)
    - React-perflogger (= 0.68.2)
    - Yoga
  - React-Core/RCTSettingsHeaders (0.68.2):
    - glog
    - RCT-Folly (= 2021.06.28.00-v2)
    - React-Core/Default
    - React-cxxreact (= 0.68.2)
    - React-jsi (= 0.68.2)
    - React-jsiexecutor (= 0.68.2)
    - React-perflogger (= 0.68.2)
    - Yoga
  - React-Core/RCTTextHeaders (0.68.2):
    - glog
    - RCT-Folly (= 2021.06.28.00-v2)
    - React-Core/Default
    - React-cxxreact (= 0.68.2)
    - React-jsi (= 0.68.2)
    - React-jsiexecutor (= 0.68.2)
    - React-perflogger (= 0.68.2)
    - Yoga
  - React-Core/RCTVibrationHeaders (0.68.2):
    - glog
    - RCT-Folly (= 2021.06.28.00-v2)
    - React-Core/Default
    - React-cxxreact (= 0.68.2)
    - React-jsi (= 0.68.2)
    - React-jsiexecutor (= 0.68.2)
    - React-perflogger (= 0.68.2)
    - Yoga
  - React-Core/RCTWebSocket (0.68.2):
    - glog
    - RCT-Folly (= 2021.06.28.00-v2)
    - React-Core/Default (= 0.68.2)
    - React-cxxreact (= 0.68.2)
    - React-jsi (= 0.68.2)
    - React-jsiexecutor (= 0.68.2)
    - React-perflogger (= 0.68.2)
    - Yoga
  - React-CoreModules (0.68.2):
    - RCT-Folly (= 2021.06.28.00-v2)
    - RCTTypeSafety (= 0.68.2)
    - React-Codegen (= 0.68.2)
    - React-Core/CoreModulesHeaders (= 0.68.2)
    - React-jsi (= 0.68.2)
    - React-RCTImage (= 0.68.2)
    - ReactCommon/turbomodule/core (= 0.68.2)
  - React-cxxreact (0.68.2):
    - boost (= 1.76.0)
    - DoubleConversion
    - glog
    - RCT-Folly (= 2021.06.28.00-v2)
    - React-callinvoker (= 0.68.2)
    - React-jsi (= 0.68.2)
    - React-jsinspector (= 0.68.2)
    - React-logger (= 0.68.2)
    - React-perflogger (= 0.68.2)
    - React-runtimeexecutor (= 0.68.2)
  - React-hermes (0.68.2):
    - DoubleConversion
    - glog
    - hermes-engine
    - RCT-Folly (= 2021.06.28.00-v2)
    - RCT-Folly/Futures (= 2021.06.28.00-v2)
    - React-cxxreact (= 0.68.2)
    - React-jsi (= 0.68.2)
    - React-jsiexecutor (= 0.68.2)
    - React-jsinspector (= 0.68.2)
    - React-perflogger (= 0.68.2)
  - React-jsi (0.68.2):
    - boost (= 1.76.0)
    - DoubleConversion
    - glog
    - RCT-Folly (= 2021.06.28.00-v2)
    - React-jsi/Default (= 0.68.2)
  - React-jsi/Default (0.68.2):
    - boost (= 1.76.0)
    - DoubleConversion
    - glog
    - RCT-Folly (= 2021.06.28.00-v2)
  - React-jsiexecutor (0.68.2):
    - DoubleConversion
    - glog
    - RCT-Folly (= 2021.06.28.00-v2)
    - React-cxxreact (= 0.68.2)
    - React-jsi (= 0.68.2)
    - React-perflogger (= 0.68.2)
  - React-jsinspector (0.68.2)
  - React-logger (0.68.2):
    - glog
  - react-native-safe-area-context (3.4.1):
    - React-Core
  - react-native-slider (4.4.2):
    - React-Core
  - react-native-splash-screen (3.3.0):
    - React-Core
  - react-native-webview (11.26.1):
    - React-Core
  - React-perflogger (0.68.2)
  - React-RCTActionSheet (0.68.2):
    - React-Core/RCTActionSheetHeaders (= 0.68.2)
  - React-RCTAnimation (0.68.2):
    - RCT-Folly (= 2021.06.28.00-v2)
    - RCTTypeSafety (= 0.68.2)
    - React-Codegen (= 0.68.2)
    - React-Core/RCTAnimationHeaders (= 0.68.2)
    - React-jsi (= 0.68.2)
    - ReactCommon/turbomodule/core (= 0.68.2)
  - React-RCTBlob (0.68.2):
    - RCT-Folly (= 2021.06.28.00-v2)
    - React-Codegen (= 0.68.2)
    - React-Core/RCTBlobHeaders (= 0.68.2)
    - React-Core/RCTWebSocket (= 0.68.2)
    - React-jsi (= 0.68.2)
    - React-RCTNetwork (= 0.68.2)
    - ReactCommon/turbomodule/core (= 0.68.2)
  - React-RCTImage (0.68.2):
    - RCT-Folly (= 2021.06.28.00-v2)
    - RCTTypeSafety (= 0.68.2)
    - React-Codegen (= 0.68.2)
    - React-Core/RCTImageHeaders (= 0.68.2)
    - React-jsi (= 0.68.2)
    - React-RCTNetwork (= 0.68.2)
    - ReactCommon/turbomodule/core (= 0.68.2)
  - React-RCTLinking (0.68.2):
    - React-Codegen (= 0.68.2)
    - React-Core/RCTLinkingHeaders (= 0.68.2)
    - React-jsi (= 0.68.2)
    - ReactCommon/turbomodule/core (= 0.68.2)
  - React-RCTNetwork (0.68.2):
    - RCT-Folly (= 2021.06.28.00-v2)
    - RCTTypeSafety (= 0.68.2)
    - React-Codegen (= 0.68.2)
    - React-Core/RCTNetworkHeaders (= 0.68.2)
    - React-jsi (= 0.68.2)
    - ReactCommon/turbomodule/core (= 0.68.2)
  - React-RCTSettings (0.68.2):
    - RCT-Folly (= 2021.06.28.00-v2)
    - RCTTypeSafety (= 0.68.2)
    - React-Codegen (= 0.68.2)
    - React-Core/RCTSettingsHeaders (= 0.68.2)
    - React-jsi (= 0.68.2)
    - ReactCommon/turbomodule/core (= 0.68.2)
  - React-RCTText (0.68.2):
    - React-Core/RCTTextHeaders (= 0.68.2)
  - React-RCTVibration (0.68.2):
    - RCT-Folly (= 2021.06.28.00-v2)
    - React-Codegen (= 0.68.2)
    - React-Core/RCTVibrationHeaders (= 0.68.2)
    - React-jsi (= 0.68.2)
    - ReactCommon/turbomodule/core (= 0.68.2)
  - React-runtimeexecutor (0.68.2):
    - React-jsi (= 0.68.2)
  - ReactCommon/turbomodule/core (0.68.2):
    - DoubleConversion
    - glog
    - RCT-Folly (= 2021.06.28.00-v2)
    - React-callinvoker (= 0.68.2)
    - React-Core (= 0.68.2)
    - React-cxxreact (= 0.68.2)
    - React-jsi (= 0.68.2)
    - React-logger (= 0.68.2)
    - React-perflogger (= 0.68.2)
  - RNAppleAuthentication (2.2.2):
    - React-Core
  - RNCAsyncStorage (1.17.11):
    - React-Core
  - RNCMaskedView (0.1.11):
    - React
  - RNColorMatrixImageFilters (5.2.14):
    - React-Core
  - RNCPicker (1.8.1):
    - React-Core
  - RNFBApp (11.5.0):
    - Firebase/CoreOnly (= 7.11.0)
    - React-Core
  - RNFBAuth (11.5.0):
    - Firebase/Auth (= 7.11.0)
    - React-Core
    - RNFBApp
  - RNFBFirestore (11.5.0):
    - Firebase/Firestore (= 7.11.0)
    - React-Core
    - RNFBApp
  - RNFBFunctions (11.5.0):
    - Firebase/Functions (= 7.11.0)
    - React-Core
    - RNFBApp
  - RNGestureHandler (2.5.0):
    - React-Core
  - RNGoogleSignin (6.0.1):
    - GoogleSignIn (~> 5.0.0)
    - React-Core
  - RNIap (9.0.4):
    - React-Core
  - RNImageColors (1.5.2):
    - React-Core
  - RNReanimated (2.6.0):
    - DoubleConversion
    - FBLazyVector
    - FBReactNativeSpec
    - glog
    - RCT-Folly
    - RCTRequired
    - RCTTypeSafety
    - React-callinvoker
    - React-Core
    - React-Core/DevSupport
    - React-Core/RCTWebSocket
    - React-CoreModules
    - React-cxxreact
    - React-jsi
    - React-jsiexecutor
    - React-jsinspector
    - React-RCTActionSheet
    - React-RCTAnimation
    - React-RCTBlob
    - React-RCTImage
    - React-RCTLinking
    - React-RCTNetwork
    - React-RCTSettings
    - React-RCTText
    - ReactCommon/turbomodule/core
    - Yoga
  - RNScreens (3.20.0):
    - React-Core
    - React-RCTImage
  - RNSVG (12.5.1):
    - React-Core
  - RNVectorIcons (8.1.0):
    - React-Core
  - Yoga (1.14.0)

DEPENDENCIES:
  - boost (from `../node_modules/react-native/third-party-podspecs/boost.podspec`)
  - DoubleConversion (from `../node_modules/react-native/third-party-podspecs/DoubleConversion.podspec`)
  - FBLazyVector (from `../node_modules/react-native/Libraries/FBLazyVector`)
  - FBReactNativeSpec (from `../node_modules/react-native/React/FBReactNativeSpec`)
  - glog (from `../node_modules/react-native/third-party-podspecs/glog.podspec`)
  - hermes-engine (~> 0.11.0)
  - libevent (~> 2.1.12)
  - RCT-Folly (from `../node_modules/react-native/third-party-podspecs/RCT-Folly.podspec`)
  - RCTRequired (from `../node_modules/react-native/Libraries/RCTRequired`)
  - RCTTypeSafety (from `../node_modules/react-native/Libraries/TypeSafety`)
  - React (from `../node_modules/react-native/`)
  - React-callinvoker (from `../node_modules/react-native/ReactCommon/callinvoker`)
  - React-Codegen (from `build/generated/ios`)
  - React-Core (from `../node_modules/react-native/`)
  - React-Core/DevSupport (from `../node_modules/react-native/`)
  - React-Core/RCTWebSocket (from `../node_modules/react-native/`)
  - React-CoreModules (from `../node_modules/react-native/React/CoreModules`)
  - React-cxxreact (from `../node_modules/react-native/ReactCommon/cxxreact`)
  - React-hermes (from `../node_modules/react-native/ReactCommon/hermes`)
  - React-jsi (from `../node_modules/react-native/ReactCommon/jsi`)
  - React-jsiexecutor (from `../node_modules/react-native/ReactCommon/jsiexecutor`)
  - React-jsinspector (from `../node_modules/react-native/ReactCommon/jsinspector`)
  - React-logger (from `../node_modules/react-native/ReactCommon/logger`)
  - react-native-safe-area-context (from `../node_modules/react-native-safe-area-context`)
  - "react-native-slider (from `../node_modules/@react-native-community/slider`)"
  - react-native-splash-screen (from `../node_modules/react-native-splash-screen`)
  - react-native-webview (from `../node_modules/react-native-webview`)
  - React-perflogger (from `../node_modules/react-native/ReactCommon/reactperflogger`)
  - React-RCTActionSheet (from `../node_modules/react-native/Libraries/ActionSheetIOS`)
  - React-RCTAnimation (from `../node_modules/react-native/Libraries/NativeAnimation`)
  - React-RCTBlob (from `../node_modules/react-native/Libraries/Blob`)
  - React-RCTImage (from `../node_modules/react-native/Libraries/Image`)
  - React-RCTLinking (from `../node_modules/react-native/Libraries/LinkingIOS`)
  - React-RCTNetwork (from `../node_modules/react-native/Libraries/Network`)
  - React-RCTSettings (from `../node_modules/react-native/Libraries/Settings`)
  - React-RCTText (from `../node_modules/react-native/Libraries/Text`)
  - React-RCTVibration (from `../node_modules/react-native/Libraries/Vibration`)
  - React-runtimeexecutor (from `../node_modules/react-native/ReactCommon/runtimeexecutor`)
  - ReactCommon/turbomodule/core (from `../node_modules/react-native/ReactCommon`)
  - "RNAppleAuthentication (from `../node_modules/@invertase/react-native-apple-authentication`)"
  - "RNCAsyncStorage (from `../node_modules/@react-native-async-storage/async-storage`)"
  - "RNCMaskedView (from `../node_modules/@react-native-community/masked-view`)"
  - RNColorMatrixImageFilters (from `../node_modules/react-native-color-matrix-image-filters`)
  - "RNCPicker (from `../node_modules/@react-native-community/picker`)"
  - "RNFBApp (from `../node_modules/@react-native-firebase/app`)"
  - "RNFBAuth (from `../node_modules/@react-native-firebase/auth`)"
  - "RNFBFirestore (from `../node_modules/@react-native-firebase/firestore`)"
  - "RNFBFunctions (from `../node_modules/@react-native-firebase/functions`)"
  - RNGestureHandler (from `../node_modules/react-native-gesture-handler`)
  - "RNGoogleSignin (from `../node_modules/@react-native-google-signin/google-signin`)"
  - RNIap (from `../node_modules/react-native-iap`)
  - RNImageColors (from `../node_modules/react-native-image-colors`)
  - RNReanimated (from `../node_modules/react-native-reanimated`)
  - RNScreens (from `../node_modules/react-native-screens`)
  - RNSVG (from `../node_modules/react-native-svg`)
  - RNVectorIcons (from `../node_modules/react-native-vector-icons`)
  - Yoga (from `../node_modules/react-native/ReactCommon/yoga`)

SPEC REPOS:
  trunk:
    - abseil
    - AppAuth
    - BoringSSL-GRPC
    - Firebase
    - FirebaseAuth
    - FirebaseCore
    - FirebaseCoreDiagnostics
    - FirebaseFirestore
    - FirebaseFunctions
    - fmt
    - GoogleDataTransport
    - GoogleSignIn
    - GoogleUtilities
    - "gRPC-C++"
    - gRPC-Core
    - GTMAppAuth
    - GTMSessionFetcher
    - hermes-engine
    - leveldb-library
    - libevent
    - nanopb
    - PromisesObjC

EXTERNAL SOURCES:
  boost:
    :podspec: "../node_modules/react-native/third-party-podspecs/boost.podspec"
  DoubleConversion:
    :podspec: "../node_modules/react-native/third-party-podspecs/DoubleConversion.podspec"
  FBLazyVector:
    :path: "../node_modules/react-native/Libraries/FBLazyVector"
  FBReactNativeSpec:
    :path: "../node_modules/react-native/React/FBReactNativeSpec"
  glog:
    :podspec: "../node_modules/react-native/third-party-podspecs/glog.podspec"
  RCT-Folly:
    :podspec: "../node_modules/react-native/third-party-podspecs/RCT-Folly.podspec"
  RCTRequired:
    :path: "../node_modules/react-native/Libraries/RCTRequired"
  RCTTypeSafety:
    :path: "../node_modules/react-native/Libraries/TypeSafety"
  React:
    :path: "../node_modules/react-native/"
  React-callinvoker:
    :path: "../node_modules/react-native/ReactCommon/callinvoker"
  React-Codegen:
    :path: build/generated/ios
  React-Core:
    :path: "../node_modules/react-native/"
  React-CoreModules:
    :path: "../node_modules/react-native/React/CoreModules"
  React-cxxreact:
    :path: "../node_modules/react-native/ReactCommon/cxxreact"
  React-hermes:
    :path: "../node_modules/react-native/ReactCommon/hermes"
  React-jsi:
    :path: "../node_modules/react-native/ReactCommon/jsi"
  React-jsiexecutor:
    :path: "../node_modules/react-native/ReactCommon/jsiexecutor"
  React-jsinspector:
    :path: "../node_modules/react-native/ReactCommon/jsinspector"
  React-logger:
    :path: "../node_modules/react-native/ReactCommon/logger"
  react-native-safe-area-context:
    :path: "../node_modules/react-native-safe-area-context"
  react-native-slider:
    :path: "../node_modules/@react-native-community/slider"
  react-native-splash-screen:
    :path: "../node_modules/react-native-splash-screen"
  react-native-webview:
    :path: "../node_modules/react-native-webview"
  React-perflogger:
    :path: "../node_modules/react-native/ReactCommon/reactperflogger"
  React-RCTActionSheet:
    :path: "../node_modules/react-native/Libraries/ActionSheetIOS"
  React-RCTAnimation:
    :path: "../node_modules/react-native/Libraries/NativeAnimation"
  React-RCTBlob:
    :path: "../node_modules/react-native/Libraries/Blob"
  React-RCTImage:
    :path: "../node_modules/react-native/Libraries/Image"
  React-RCTLinking:
    :path: "../node_modules/react-native/Libraries/LinkingIOS"
  React-RCTNetwork:
    :path: "../node_modules/react-native/Libraries/Network"
  React-RCTSettings:
    :path: "../node_modules/react-native/Libraries/Settings"
  React-RCTText:
    :path: "../node_modules/react-native/Libraries/Text"
  React-RCTVibration:
    :path: "../node_modules/react-native/Libraries/Vibration"
  React-runtimeexecutor:
    :path: "../node_modules/react-native/ReactCommon/runtimeexecutor"
  ReactCommon:
    :path: "../node_modules/react-native/ReactCommon"
  RNAppleAuthentication:
    :path: "../node_modules/@invertase/react-native-apple-authentication"
  RNCAsyncStorage:
    :path: "../node_modules/@react-native-async-storage/async-storage"
  RNCMaskedView:
    :path: "../node_modules/@react-native-community/masked-view"
  RNColorMatrixImageFilters:
    :path: "../node_modules/react-native-color-matrix-image-filters"
  RNCPicker:
    :path: "../node_modules/@react-native-community/picker"
  RNFBApp:
    :path: "../node_modules/@react-native-firebase/app"
  RNFBAuth:
    :path: "../node_modules/@react-native-firebase/auth"
  RNFBFirestore:
    :path: "../node_modules/@react-native-firebase/firestore"
  RNFBFunctions:
    :path: "../node_modules/@react-native-firebase/functions"
  RNGestureHandler:
    :path: "../node_modules/react-native-gesture-handler"
  RNGoogleSignin:
    :path: "../node_modules/@react-native-google-signin/google-signin"
  RNIap:
    :path: "../node_modules/react-native-iap"
  RNImageColors:
    :path: "../node_modules/react-native-image-colors"
  RNReanimated:
    :path: "../node_modules/react-native-reanimated"
  RNScreens:
    :path: "../node_modules/react-native-screens"
  RNSVG:
    :path: "../node_modules/react-native-svg"
  RNVectorIcons:
    :path: "../node_modules/react-native-vector-icons"
  Yoga:
    :path: "../node_modules/react-native/ReactCommon/yoga"

SPEC CHECKSUMS:
  abseil: 6c8eb7892aefa08d929b39f9bb108e5367e3228f
  AppAuth: 8fca6b5563a5baef2c04bee27538025e4ceb2add
  boost: a7c83b31436843459a1961bfd74b96033dc77234
  BoringSSL-GRPC: 8edf627ee524575e2f8d19d56f068b448eea3879
  DoubleConversion: 831926d9b8bf8166fd87886c4abab286c2422662
  FBLazyVector: a7a655862f6b09625d11c772296b01cd5164b648
  FBReactNativeSpec: 81ce99032d5b586fddd6a38d450f8595f7e04be4
  Firebase: c121feb35e4126c0b355e3313fa9b487d47319fd
  FirebaseAuth: 5fe4585c2ed847319f0ea68bd1d82c77e49ff9a0
  FirebaseCore: 907447d8917a4d3eb0cce2829c5a0ad21d90b432
  FirebaseCoreDiagnostics: 68ad972f99206cef818230f3f3179d52ccfb7f8c
  FirebaseFirestore: f495bb336b23eca23ea5d3605dce2a4cc214fde9
  FirebaseFunctions: cf3d041e5292b1c4bda868d542071a0f8291a4d4
  fmt: ff9d55029c625d3757ed641535fd4a75fedc7ce9
  glog: 476ee3e89abb49e07f822b48323c51c57124b572
  GoogleDataTransport: cd9db2180fcecd8da1b561aea31e3e56cf834aa7
  GoogleSignIn: 7137d297ddc022a7e0aa4619c86d72c909fa7213
  GoogleUtilities: c2bdc4cf2ce786c4d2e6b3bcfd599a25ca78f06f
  "gRPC-C++": 13d8ccef97d5c3c441b7e3c529ef28ebee86fad2
  gRPC-Core: 4afa11bfbedf7cdecd04de535a9e046893404ed5
  GTMAppAuth: 0ff230db599948a9ad7470ca667337803b3fc4dd
  GTMSessionFetcher: 5595ec75acf5be50814f81e9189490412bad82ba
  hermes-engine: 84e3af1ea01dd7351ac5d8689cbbea1f9903ffc3
  leveldb-library: 50c7b45cbd7bf543c81a468fe557a16ae3db8729
  libevent: 4049cae6c81cdb3654a443be001fb9bdceff7913
  nanopb: a0ba3315591a9ae0a16a309ee504766e90db0c96
  PromisesObjC: 3113f7f76903778cf4a0586bd1ab89329a0b7b97
  RCT-Folly: 4d8508a426467c48885f1151029bc15fa5d7b3b8
  RCTRequired: 3e917ea5377751094f38145fdece525aa90545a0
  RCTTypeSafety: c43c072a4bd60feb49a9570b0517892b4305c45e
  React: 176dd882de001854ced260fad41bb68a31aa4bd0
  React-callinvoker: c2864d1818d6e64928d2faf774a3800dfc38fe1f
  React-Codegen: 98b6f97f0a7abf7d67e4ce435c77c05b7a95cf05
  React-Core: fdaa2916b1c893f39f02cff0476d1fb0cab1e352
  React-CoreModules: fd8705b80699ec36c2cdd635c2ce9d874b9cfdfc
  React-cxxreact: 1832d971f7b0cb2c7b943dc0ec962762c90c906e
  React-hermes: 14e0ea3ce4b44bb3ac7663d96d0e3e28857f7b62
  React-jsi: 72af715135abe8c3f0dcf3b2548b71d048b69a7e
  React-jsiexecutor: b7b553412f2ec768fe6c8f27cd6bafdb9d8719e6
  React-jsinspector: c5989c77cb89ae6a69561095a61cce56a44ae8e8
  React-logger: a0833912d93b36b791b7a521672d8ee89107aff1
  react-native-safe-area-context: 9e40fb181dac02619414ba1294d6c2a807056ab9
  react-native-slider: 33b8d190b59d4f67a541061bb91775d53d617d9d
  react-native-splash-screen: 4312f786b13a81b5169ef346d76d33bc0c6dc457
  react-native-webview: 9f111dfbcfc826084d6c507f569e5e03342ee1c1
  React-perflogger: a18b4f0bd933b8b24ecf9f3c54f9bf65180f3fe6
  React-RCTActionSheet: 547fe42fdb4b6089598d79f8e1d855d7c23e2162
  React-RCTAnimation: bc9440a1c37b06ae9ebbb532d244f607805c6034
  React-RCTBlob: a1295c8e183756d7ef30ba6e8f8144dfe8a19215
  React-RCTImage: a30d1ee09b1334067fbb6f30789aae2d7ac150c9
  React-RCTLinking: ffc6d5b88d1cb9aca13c54c2ec6507fbf07f2ac4
  React-RCTNetwork: f807a2facab6cf5cf36d592e634611de9cf12d81
  React-RCTSettings: 861806819226ed8332e6a8f90df2951a34bb3e7f
  React-RCTText: f3fb464cc41a50fc7a1aba4deeb76a9ad8282cb9
  React-RCTVibration: 79040b92bfa9c3c2d2cb4f57e981164ec7ab9374
  React-runtimeexecutor: b960b687d2dfef0d3761fbb187e01812ebab8b23
  ReactCommon: 095366164a276d91ea704ce53cb03825c487a3f2
  RNAppleAuthentication: 0571c08da8c327ae2afc0261b48b4a515b0286a6
  RNCAsyncStorage: 8616bd5a58af409453ea4e1b246521bb76578d60
  RNCMaskedView: 0e1bc4bfa8365eba5fbbb71e07fbdc0555249489
  RNColorMatrixImageFilters: 9b6a80ef1337e327d8b9a1c27d50e753bdcc252f
  RNCPicker: 914b557e20b3b8317b084aca9ff4b4edb95f61e4
  RNFBApp: 9c90f9d576861947ba75fe0830567c570bcbcf6d
  RNFBAuth: 99fdbce04ff3d39e57a7a3956d632ee69145685b
  RNFBFirestore: bedb9727c0df9a1f1ec23b5e23988075a4cbea78
  RNFBFunctions: 570969b0b7a104066374d4f6e840d6d8a217e3ad
  RNGestureHandler: bad495418bcbd3ab47017a38d93d290ebd406f50
  RNGoogleSignin: e64616a4080cf7d83f4b292fad82d174587444e2
  RNIap: 77ec4fb16e0d6fa0617daf896a8d82bd36cc55b0
  RNImageColors: 9ac05083b52d5c350e6972650ae3ba0e556466c1
  RNReanimated: 89a32ebf01d2dac2eb35b3b1628952f626db93d7
  RNScreens: 218801c16a2782546d30bd2026bb625c0302d70f
  RNSVG: d7d7bc8229af3842c9cfc3a723c815a52cdd1105
  RNVectorIcons: 31cebfcf94e8cf8686eb5303ae0357da64d7a5a4
  Yoga: 99652481fcd320aefa4a7ef90095b95acd181952

PODFILE CHECKSUM: 597625f9dbef5ee57b3f547a66a4e24527a97c2d

COCOAPODS: 1.11.3
